
Microsoft Visual Studio Solution File, Format Version 12.00
# Visual Studio Version 17
VisualStudioVersion = 17.5.002.0
MinimumVisualStudioVersion = 10.0.40219.1
Project("{9A19103F-16F7-4668-BE54-9A1E7A4F7556}") = "RentalBikePrediction", "RentalBikePrediction.csproj", "{18D4E607-6F7F-43C6-8099-7B38F36EB81D}"
EndProject
Global
	GlobalSection(SolutionConfigurationPlatforms) = preSolution
		Debug|Any CPU = Debug|Any CPU
		Release|Any CPU = Release|Any CPU
	EndGlobalSection
	GlobalSection(ProjectConfigurationPlatforms) = postSolution
		{18D4E607-6F7F-43C6-8099-7B38F36EB81D}.Debug|Any CPU.ActiveCfg = Debug|Any CPU
		{18D4E607-6F7F-43C6-8099-7B38F36EB81D}.Debug|Any CPU.Build.0 = Debug|Any CPU
		{18D4E607-6F7F-43C6-8099-7B38F36EB81D}.Release|Any CPU.ActiveCfg = Release|Any CPU
		{18D4E607-6F7F-43C6-8099-7B38F36EB81D}.Release|Any CPU.Build.0 = Release|Any CPU
	EndGlobalSection
	GlobalSection(SolutionProperties) = preSolution
		HideSolutionNode = FALSE
	EndGlobalSection
	GlobalSection(ExtensibilityGlobals) = postSolution
		SolutionGuid = {B94A4804-E3AC-4B04-82E1-749157E17437}
	EndGlobalSection
EndGlobal
